{
    "_meta": {
        "hash": {
            "sha256": "410c6394d45f49d76cea1a1cc8898510a117faa4afe0979d578621741d77506d"
        },
        "pipfile-spec": 6,
        "requires": {
            "python_version": "3.7"
        },
        "sources": [
            {
                "name": "pypi",
                "url": "https://pypi.org/simple",
                "verify_ssl": true
            }
        ]
    },
    "default": {
        "aws-lambda-logging": {
            "hashes": [
                "sha256:c192bcdaf76e9bae61759efe98dc6b513746762a216161f689bf3ad73fe09d06"
            ],
            "version": "==0.1.1"
        },
        "aws-xray-sdk": {
            "hashes": [
                "sha256:75cbce8c777b7d8055719ee1a0db6043e53c44e8f1a62a956bd84db87c4a4c7c",
                "sha256:ce4adb60fe67ebe91f2fc57d5067b4e44df6e233652987be4fb2e549688cf9fe"
            ],
            "version": "==2.4.2"
        },
        "boto3": {
            "hashes": [
                "sha256:3a8a8af144df27643f5e444ae437b5bc45e94b37de15dabb5bb799a0205f1d8f",
                "sha256:dacfd1651860eda526abaeb5f9eee2063043a75d4c555cc7b0c22a7989bf88cd"
            ],
            "index": "pypi",
            "version": "==1.9.213"
        },
        "botocore": {
            "hashes": [
                "sha256:14ab8371f883c47348e749c4d8773366dd2cc549038e9eaabe21fb1d05bca7b5",
                "sha256:b76a264c0781e4f19138617e4201e8e67fa6dd331db32f4b6273fc18a433f4ec"
            ],
            "version": "==1.12.213"
        },
        "docutils": {
            "hashes": [
                "sha256:6c4f696463b79f1fb8ba0c594b63840ebd41f059e92b31957c46b74a4599b6d0",
                "sha256:9e4d7ecfc600058e07ba661411a2b7de2fd0fafa17d1a7f7361cd47b1175c827",
                "sha256:a2aeea129088da402665e92e0b25b04b073c04b2dce4ab65caaa38b7ce2e1a99"
            ],
            "version": "==0.15.2"
        },
        "future": {
            "hashes": [
                "sha256:67045236dcfd6816dc439556d009594abf643e5eb48992e36beac09c2ca659b8"
            ],
            "version": "==0.17.1"
        },
        "jmespath": {
            "hashes": [
                "sha256:3720a4b1bd659dd2eecad0666459b9788813e032b83e7ba58578e48254e0a0e6",
                "sha256:bde2aef6f44302dfb30320115b17d030798de8c4110e28d5cf6cf91a7a31074c"
            ],
            "version": "==0.9.4"
        },
        "jsonpickle": {
            "hashes": [
                "sha256:d0c5a4e6cb4e58f6d5406bdded44365c2bcf9c836c4f52910cc9ba7245a59dc2",
                "sha256:d3e922d781b1d0096df2dad89a2e1f47177d7969b596aea806a9d91b4626b29b"
            ],
            "version": "==1.2"
        },
        "lambda-python-powertools": {
            "editable": true,
            "path": "./../../backend/shared/lambda_python_powertools"
        },
        "python-dateutil": {
            "hashes": [
                "sha256:7e6584c74aeed623791615e26efd690f29817a27c73085b78e4bad02493df2fb",
                "sha256:c89805f6f4d64db21ed966fda138f8a5ed7a4fdbc1a8ee329ce1b74e3c74da9e"
            ],
            "markers": "python_version >= '2.7'",
            "version": "==2.8.0"
        },
        "s3transfer": {
            "hashes": [
                "sha256:6efc926738a3cd576c2a79725fed9afde92378aa5c6a957e3af010cb019fac9d",
                "sha256:b780f2411b824cb541dbcd2c713d0cb61c7d1bcadae204cdddda2b35cef493ba"
            ],
            "version": "==0.2.1"
        },
        "six": {
            "hashes": [
                "sha256:3350809f0555b11f552448330d0b52d5f24c91a322ea4a15ef22629740f3761c",
                "sha256:d16a0141ec1a18405cd4ce8b4613101da75da0e9a7aec5bdd4fa804d0e0eba73"
            ],
            "version": "==1.12.0"
        },
        "urllib3": {
            "hashes": [
                "sha256:b246607a25ac80bedac05c6f282e3cdaf3afb65420fd024ac94435cabe6e18d1",
                "sha256:dbe59173209418ae49d485b87d1681aefa36252ee85884c31346debd19463232"
            ],
            "markers": "python_version >= '3.4'",
            "version": "==1.25.3"
        },
        "wrapt": {
            "hashes": [
                "sha256:565a021fd19419476b9362b05eeaa094178de64f8361e44468f9e9d7843901e1"
            ],
            "version": "==1.11.2"
        }
    },
    "develop": {
        "appdirs": {
            "hashes": [
                "sha256:9e5896d1372858f8dd3344faf4e5014d21849c756c8d5701f78f8a103b372d92",
                "sha256:d8b24664561d0d34ddfaec54636d502d7cea6e29c3eaf68f3df6180863e2166e"
            ],
            "version": "==1.4.3"
        },
        "atomicwrites": {
            "hashes": [
                "sha256:03472c30eb2c5d1ba9227e4c2ca66ab8287fbfbbda3888aa93dc2e28fc6811b4",
                "sha256:75a9445bac02d8d058d5e1fe689654ba5a6556a1dfd8ce6ec55a0ed79866cfa6"
            ],
            "version": "==1.3.0"
        },
        "attrs": {
            "hashes": [
                "sha256:69c0dbf2ed392de1cb5ec704444b08a5ef81680a61cb899dc08127123af36a79",
                "sha256:f0b870f674851ecbfbbbd364d6b5cbdff9dcedbc7f3f5e18a6891057f21fe399"
            ],
            "version": "==19.1.0"
        },
        "aws-sam-translator": {
            "hashes": [
                "sha256:b38639c2b7527f664da4e18e09d67a691e8e3877ae0ca1196a0d129a020a3676"
            ],
            "version": "==1.13.2"
        },
        "black": {
            "hashes": [
                "sha256:09a9dcb7c46ed496a9850b76e4e825d6049ecd38b611f1224857a79bd985a8cf",
                "sha256:68950ffd4d9169716bcb8719a56c07a2f4485354fec061cdd5910aa07369731c"
            ],
            "index": "pypi",
            "version": "==19.3b0"
        },
        "boto3": {
            "hashes": [
                "sha256:3a8a8af144df27643f5e444ae437b5bc45e94b37de15dabb5bb799a0205f1d8f",
                "sha256:dacfd1651860eda526abaeb5f9eee2063043a75d4c555cc7b0c22a7989bf88cd"
            ],
            "index": "pypi",
            "version": "==1.9.213"
        },
        "botocore": {
            "hashes": [
                "sha256:14ab8371f883c47348e749c4d8773366dd2cc549038e9eaabe21fb1d05bca7b5",
                "sha256:b76a264c0781e4f19138617e4201e8e67fa6dd331db32f4b6273fc18a433f4ec"
            ],
            "version": "==1.12.213"
        },
        "cfn-lint": {
            "hashes": [
                "sha256:355ed9e6e8778a488da57f91eb99a1121da18233a9a8863d7e1d5bf35d81c958",
                "sha256:db5fdd11f93d1b15b5fb9633fecc0456c4ea6755b57f75d15bf7f6958bbf5230"
            ],
            "index": "pypi",
            "version": "==0.23.3"
        },
        "click": {
            "hashes": [
                "sha256:2335065e6395b9e67ca716de5f7526736bfa6ceead690adf616d925bdc622b13",
                "sha256:5b94b49521f6456670fdb30cd82a4eca9412788a93fa6dd6df72c94d5a8ff2d7"
            ],
            "version": "==7.0"
        },
        "coverage": {
            "hashes": [
                "sha256:108efa19b676e62590a7a13084098e35183479c0d9608131c20b0921c5a72dc0",
                "sha256:16fe3ef881eff27bab287f91dadb4ff0ce4388b9e928d84cbf148a83cc70b3a1",
                "sha256:1d0bbc11421827d1100da82ac8dc929532b97ad464038475a0f6505cbf83d6ea",
                "sha256:23a8ca5b3c9673f775cc151e85a737f1a967df2ec02b09e8c5a3b606ff2050bf",
                "sha256:24b890e51455276762b55cb06fa1c922066e8fc18d1deb1a6399b4d24dfa8ea2",
                "sha256:2f0041757ca4801f3c6a74d1660862fdb18a25aea302dd0ce9b067ddbb06b667",
                "sha256:3169aba03baddfccdab7cc04cf0878dbf76fc06d300bc35639129a6b794d6484",
                "sha256:364fb1bf0f999af2e7f4b1a1e614b2af8c3e0017d11af716aad25f911b7cd0c7",
                "sha256:5256856d23f3e45959e7e3a8f9d4cbad3d1613e5660cb8117cd1417798efc395",
                "sha256:5b26daa1e1a1147455bf62cd682e504e68f1d1e04235374d50a5248a3c792b1c",
                "sha256:60247c8f0c756732e2cfe21f03e6847b923b9a9eaff61f04dc64d3047ec1b669",
                "sha256:6463d51507308eb3973340d903537f17ece2ee1e6513aa0c27548fc3a09b0471",
                "sha256:64cbadf7a884b299794238bc4391752130e74f71e919993b50c1c431786ef2a2",
                "sha256:6de85748ea39ce819ad6d90e660da43964457a1f5cd25262e962a7c7c87945b3",
                "sha256:6f95b4794bd84f64aeca25087d8e3abc416aad76842afcac34fa6c3a6f61c62e",
                "sha256:778fa184aa3079fa3cbd240e2f5b36771c3382db26bc7bf78aea9d06212c6c66",
                "sha256:790a9c5e2dbdf6c41eec9776ed663e99bd36c1604e3bf2e8ae3b123181bfee9f",
                "sha256:7d97c1aec0b68b4ea5e3c9edb9fc3f951e8a52360f4bad3aacab9a77defe5b17",
                "sha256:93cefddcc0b541d3c52981a232947bf085a38092b0812317f1adb56f02869bcb",
                "sha256:95e49867ac616ec63ecd69ea005e65e4b896a48b8db7f9f3ad69f37be29324b7",
                "sha256:aca423563eafba66a7c15125391b267befd1e45238de5e1a119ae1fb4ea83b5c",
                "sha256:baef7c35e7fce738d9637e9c7a6aa79cb79085e4de49c2ec517ce19239a660f6",
                "sha256:c10ccf0797ffce85e93a40aff3a96a3adb63c734f95b59384a7c9522ed25c9e2",
                "sha256:ca39704a05bba1886c384a4d7944fda72c53fe5e61979cd933d22084678ad4c1",
                "sha256:f6e96d5eee578187f5b7e9266bf646b73de29e2dd7adca8bd83e383680ce1f4c",
                "sha256:fc6524511fa664cb4e91401229eedd0dad4ba6ded9c4423fee2f698d78908d9c",
                "sha256:fdf2e7e5f074495ad6ea796ca0d245aa6a8b9e4c546ffbf8d30aaaee6601af0f"
            ],
            "version": "==5.0a6"
        },
        "docutils": {
            "hashes": [
                "sha256:6c4f696463b79f1fb8ba0c594b63840ebd41f059e92b31957c46b74a4599b6d0",
                "sha256:9e4d7ecfc600058e07ba661411a2b7de2fd0fafa17d1a7f7361cd47b1175c827",
                "sha256:a2aeea129088da402665e92e0b25b04b073c04b2dce4ab65caaa38b7ce2e1a99"
            ],
            "version": "==0.15.2"
        },
        "entrypoints": {
            "hashes": [
                "sha256:589f874b313739ad35be6e0cd7efde2a4e9b6fea91edcc34e58ecbb8dbe56d19",
                "sha256:c70dd71abe5a8c85e55e12c19bd91ccfeec11a6e99044204511f9ed547d48451"
            ],
            "version": "==0.3"
        },
        "eradicate": {
            "hashes": [
                "sha256:4ffda82aae6fd49dfffa777a857cb758d77502a1f2e0f54c9ac5155a39d2d01a"
            ],
            "version": "==1.0"
        },
        "flake8": {
            "hashes": [
                "sha256:19241c1cbc971b9962473e4438a2ca19749a7dd002dd1a946eaba171b4114548",
                "sha256:8e9dfa3cecb2400b3738a42c54c3043e821682b9c840b0448c0503f781130696"
            ],
            "index": "pypi",
            "version": "==3.7.8"
        },
        "flake8-black": {
            "hashes": [
                "sha256:6b5fe2a609fa750170da8d5b1ed7c11029bceaff025660be7f19307ec6fa0c35"
            ],
            "index": "pypi",
            "version": "==0.1.0"
        },
        "flake8-bugbear": {
            "hashes": [
                "sha256:d8c466ea79d5020cb20bf9f11cf349026e09517a42264f313d3f6fddb83e0571",
                "sha256:ded4d282778969b5ab5530ceba7aa1a9f1b86fa7618fc96a19a1d512331640f8"
            ],
            "index": "pypi",
            "version": "==19.8.0"
        },
        "flake8-builtins": {
            "hashes": [
                "sha256:8d806360767947c0035feada4ddef3ede32f0a586ef457e62d811b8456ad9a51",
                "sha256:cd7b1b7fec4905386a3643b59f9ca8e305768da14a49a7efb31fe9364f33cd04"
            ],
            "index": "pypi",
            "version": "==1.4.1"
        },
        "flake8-comprehensions": {
            "hashes": [
                "sha256:7b174ded3d7e73edf587e942458b6c1a7c3456d512d9c435deae367236b9562c",
                "sha256:e36fc12bd3833e0b34fe0639b7a817d32c86238987f532078c57eafdc7a8a219"
            ],
            "index": "pypi",
            "version": "==2.2.0"
        },
        "flake8-debugger": {
            "hashes": [
                "sha256:be4fb88de3ee8f6dd5053a2d347e2c0a2b54bab6733a2280bb20ebd3c4ca1d97"
            ],
            "index": "pypi",
            "version": "==3.1.0"
        },
        "flake8-eradicate": {
            "hashes": [
                "sha256:86804c682f9805a689379307939f350140fe9c015c3e600baff37fb23f7f21cc",
                "sha256:cc2c3300a6643f8347988cc828478c347975f7bf9c8fc1f8a7027da41ab9bdbd"
            ],
            "index": "pypi",
            "version": "==0.2.1"
        },
        "flake8-fixme": {
            "hashes": [
                "sha256:226a6f2ef916730899f29ac140bed5d4a17e5aba79f00a0e3ae1eff1997cb1ac",
                "sha256:50cade07d27a4c30d4f12351478df87339e67640c83041b664724bda6d16f33a"
            ],
            "index": "pypi",
            "version": "==1.1.1"
        },
        "flake8-variables-names": {
            "hashes": [
                "sha256:728cfe7ca01fd2458fde22563e0bf53ff88018ada96471c73f6072f782218597"
            ],
            "index": "pypi",
            "version": "==0.0.1"
        },
        "importlib-metadata": {
            "hashes": [
                "sha256:23d3d873e008a513952355379d93cbcab874c58f4f034ff657c7a87422fa64e8",
                "sha256:80d2de76188eabfbfcf27e6a37342c2827801e59c4cc14b0371c56fed43820e3"
            ],
            "markers": "python_version < '3.8'",
            "version": "==0.19"
        },
        "isort": {
            "hashes": [
                "sha256:54da7e92468955c4fceacd0c86bd0ec997b0e1ee80d97f67c35a78b719dccab1",
                "sha256:6e811fcb295968434526407adb8796944f1988c5b65e8139058f2014cbe100fd"
            ],
            "index": "pypi",
            "version": "==4.3.21"
        },
        "jmespath": {
            "hashes": [
                "sha256:3720a4b1bd659dd2eecad0666459b9788813e032b83e7ba58578e48254e0a0e6",
                "sha256:bde2aef6f44302dfb30320115b17d030798de8c4110e28d5cf6cf91a7a31074c"
            ],
            "version": "==0.9.4"
        },
        "jsonpatch": {
            "hashes": [
                "sha256:83f29a2978c13da29bfdf89da9d65542d62576479caf215df19632d7dc04c6e6",
                "sha256:cbb72f8bf35260628aea6b508a107245f757d1ec839a19c34349985e2c05645a"
            ],
            "version": "==1.24"
        },
        "jsonpointer": {
            "hashes": [
                "sha256:c192ba86648e05fdae4f08a17ec25180a9aef5008d973407b581798a83975362",
                "sha256:ff379fa021d1b81ab539f5ec467c7745beb1a5671463f9dcc2b2d458bd361c1e"
            ],
            "version": "==2.0"
        },
        "jsonschema": {
            "hashes": [
                "sha256:5f9c0a719ca2ce14c5de2fd350a64fd2d13e8539db29836a86adc990bb1a068f",
                "sha256:8d4a2b7b6c2237e0199c8ea1a6d3e05bf118e289ae2b9d7ba444182a2959560d"
            ],
            "version": "==3.0.2"
        },
        "mccabe": {
            "hashes": [
                "sha256:ab8a6258860da4b6677da4bd2fe5dc2c659cff31b3ee4f7f5d64e79735b80d42",
                "sha256:dd8d182285a0fe56bace7f45b5e7d1a6ebcbf524e8f3bd87eb0f125271b8831f"
            ],
            "version": "==0.6.1"
        },
        "more-itertools": {
            "hashes": [
                "sha256:409cd48d4db7052af495b09dec721011634af3753ae1ef92d2b32f73a745f832",
                "sha256:92b8c4b06dac4f0611c0729b2f2ede52b2e1bac1ab48f089c7ddc12e26bb60c4"
            ],
            "version": "==7.2.0"
        },
        "packaging": {
            "hashes": [
                "sha256:a7ac867b97fdc07ee80a8058fe4435ccd274ecc3b0ed61d852d7d53055528cf9",
                "sha256:c491ca87294da7cc01902edbe30a5bc6c4c28172b5138ab4e4aa1b9d7bfaeafe"
            ],
            "version": "==19.1"
        },
        "pluggy": {
            "hashes": [
                "sha256:0825a152ac059776623854c1543d65a4ad408eb3d33ee114dff91e57ec6ae6fc",
                "sha256:b9817417e95936bf75d85d3f8767f7df6cdde751fc40aed3bb3074cbcb77757c"
            ],
            "version": "==0.12.0"
        },
        "py": {
            "hashes": [
                "sha256:64f65755aee5b381cea27766a3a147c3f15b9b6b9ac88676de66ba2ae36793fa",
                "sha256:dc639b046a6e2cff5bbe40194ad65936d6ba360b52b3c3fe1d08a82dd50b5e53"
            ],
            "version": "==1.8.0"
        },
        "pycodestyle": {
            "hashes": [
                "sha256:95a2219d12372f05704562a14ec30bc76b05a5b297b21a5dfe3f6fac3491ae56",
                "sha256:e40a936c9a450ad81df37f549d676d127b1b66000a6c500caa2b085bc0ca976c"
            ],
            "version": "==2.5.0"
        },
        "pyflakes": {
            "hashes": [
                "sha256:17dbeb2e3f4d772725c777fabc446d5634d1038f234e77343108ce445ea69ce0",
                "sha256:d976835886f8c5b31d47970ed689944a0262b5f3afa00a5a7b4dc81e5449f8a2"
            ],
            "version": "==2.1.1"
        },
        "pyparsing": {
            "hashes": [
                "sha256:6f98a7b9397e206d78cc01df10131398f1c8b8510a2f4d97d9abd82e1aacdd80",
                "sha256:d9338df12903bbf5d65a0e4e87c2161968b10d2e489652bb47001d82a9b028b4"
            ],
            "version": "==2.4.2"
        },
        "pyrsistent": {
            "hashes": [
                "sha256:34b47fa169d6006b32e99d4b3c4031f155e6e68ebcc107d6454852e8e0ee6533"
            ],
            "version": "==0.15.4"
        },
        "pytest": {
            "hashes": [
                "sha256:95b1f6db806e5b1b5b443efeb58984c24945508f93a866c1719e1a507a957d7c",
                "sha256:c3d5020755f70c82eceda3feaf556af9a341334414a8eca521a18f463bcead88"
            ],
            "index": "pypi",
            "version": "==5.1.1"
        },
        "pytest-cov": {
            "hashes": [
                "sha256:2b097cde81a302e1047331b48cadacf23577e431b61e9c6f49a1170bbe3d3da6",
                "sha256:e00ea4fdde970725482f1f35630d12f074e121a23801aabf2ae154ec6bdd343a"
            ],
            "index": "pypi",
            "version": "==2.7.1"
        },
        "pytest-mock": {
            "hashes": [
                "sha256:43ce4e9dd5074993e7c021bb1c22cbb5363e612a2b5a76bc6d956775b10758b7",
                "sha256:5bf5771b1db93beac965a7347dc81c675ec4090cb841e49d9d34637a25c30568"
            ],
            "index": "pypi",
            "version": "==1.10.4"
        },
        "python-dateutil": {
            "hashes": [
                "sha256:7e6584c74aeed623791615e26efd690f29817a27c73085b78e4bad02493df2fb",
                "sha256:c89805f6f4d64db21ed966fda138f8a5ed7a4fdbc1a8ee329ce1b74e3c74da9e"
            ],
            "markers": "python_version >= '2.7'",
            "version": "==2.8.0"
        },
        "pyyaml": {
            "hashes": [
                "sha256:0113bc0ec2ad727182326b61326afa3d1d8280ae1122493553fd6f4397f33df9",
                "sha256:01adf0b6c6f61bd11af6e10ca52b7d4057dd0be0343eb9283c878cf3af56aee4",
                "sha256:5124373960b0b3f4aa7df1707e63e9f109b5263eca5976c66e08b1c552d4eaf8",
                "sha256:5ca4f10adbddae56d824b2c09668e91219bb178a1eee1faa56af6f99f11bf696",
                "sha256:7907be34ffa3c5a32b60b95f4d95ea25361c951383a894fec31be7252b2b6f34",
                "sha256:7ec9b2a4ed5cad025c2278a1e6a19c011c80a3caaac804fd2d329e9cc2c287c9",
                "sha256:87ae4c829bb25b9fe99cf71fbb2140c448f534e24c998cc60f39ae4f94396a73",
                "sha256:9de9919becc9cc2ff03637872a440195ac4241c80536632fffeb6a1e25a74299",
                "sha256:a5a85b10e450c66b49f98846937e8cfca1db3127a9d5d1e31ca45c3d0bef4c5b",
                "sha256:b0997827b4f6a7c286c01c5f60384d218dca4ed7d9efa945c3e1aa623d5709ae",
                "sha256:b631ef96d3222e62861443cc89d6563ba3eeb816eeb96b2629345ab795e53681",
                "sha256:bf47c0607522fdbca6c9e817a6e81b08491de50f3766a7a0e6a5be7905961b41",
                "sha256:f81025eddd0327c7d4cfe9b62cf33190e1e736cc6e97502b3ec425f574b3e7a8"
            ],
            "version": "==5.1.2"
        },
        "s3transfer": {
            "hashes": [
                "sha256:6efc926738a3cd576c2a79725fed9afde92378aa5c6a957e3af010cb019fac9d",
                "sha256:b780f2411b824cb541dbcd2c713d0cb61c7d1bcadae204cdddda2b35cef493ba"
            ],
            "version": "==0.2.1"
        },
        "six": {
            "hashes": [
                "sha256:3350809f0555b11f552448330d0b52d5f24c91a322ea4a15ef22629740f3761c",
                "sha256:d16a0141ec1a18405cd4ce8b4613101da75da0e9a7aec5bdd4fa804d0e0eba73"
            ],
            "version": "==1.12.0"
        },
        "toml": {
            "hashes": [
                "sha256:229f81c57791a41d65e399fc06bf0848bab550a9dfd5ed66df18ce5f05e73d5c",
                "sha256:235682dd292d5899d361a811df37e04a8828a5b1da3115886b73cf81ebc9100e"
            ],
            "version": "==0.10.0"
        },
        "urllib3": {
            "hashes": [
                "sha256:b246607a25ac80bedac05c6f282e3cdaf3afb65420fd024ac94435cabe6e18d1",
                "sha256:dbe59173209418ae49d485b87d1681aefa36252ee85884c31346debd19463232"
            ],
            "markers": "python_version >= '3.4'",
            "version": "==1.25.3"
        },
        "wcwidth": {
            "hashes": [
                "sha256:3df37372226d6e63e1b1e1eda15c594bca98a22d33a23832a90998faa96bc65e",
                "sha256:f4ebe71925af7b40a864553f761ed559b43544f8f71746c2d756c7fe788ade7c"
            ],
            "version": "==0.1.7"
        },
        "zipp": {
            "hashes": [
                "sha256:4970c3758f4e89a7857a973b1e2a5d75bcdc47794442f2e2dd4fe8e0466e809a",
                "sha256:8a5712cfd3bb4248015eb3b0b3c54a5f6ee3f2425963ef2a0125b8bc40aafaec"
            ],
            "version": "==0.5.2"
        }
    }
}
