{
  "requires": true,
  "lockfileVersion": 1,
  "dependencies": {
    "@aws-cdk/assets": {
      "version": "1.16.3",
      "resolved": "https://registry.npmjs.org/@aws-cdk/assets/-/assets-1.16.3.tgz",
      "integrity": "sha512-i3ntGvFEYl19owSYuOGU+hFqrOyc0EzhXGhoGTKKB8z8TutgBnEkVUNg5JECg4GEfhOS0cRdXNWCmC29sVYzBg==",
      "requires": {
        "@aws-cdk/core": "1.16.3",
        "@aws-cdk/cx-api": "1.16.3",
        "minimatch": "^3.0.4"
      },
      "dependencies": {
        "balanced-match": {
          "version": "1.0.0",
          "bundled": true
        },
        "brace-expansion": {
          "version": "1.1.11",
          "bundled": true,
          "requires": {
            "balanced-match": "^1.0.0",
            "concat-map": "0.0.1"
          }
        },
        "concat-map": {
          "version": "0.0.1",
          "bundled": true
        },
        "minimatch": {
          "version": "3.0.4",
          "bundled": true,
          "requires": {
            "brace-expansion": "^1.1.7"
          }
        }
      }
    },
    "@aws-cdk/aws-apigateway": {
      "version": "1.16.3",
      "resolved": "https://registry.npmjs.org/@aws-cdk/aws-apigateway/-/aws-apigateway-1.16.3.tgz",
      "integrity": "sha512-TfntXgRASbxJYbycVTNwbhouqrhpWIo6YMNLlZ0nBFMrmxDXIzZek7nhig6zyydXWq7ZZelD6b/1vMXuosVGfw==",
      "requires": {
        "@aws-cdk/aws-certificatemanager": "1.16.3",
        "@aws-cdk/aws-elasticloadbalancingv2": "1.16.3",
        "@aws-cdk/aws-iam": "1.16.3",
        "@aws-cdk/aws-lambda": "1.16.3",
        "@aws-cdk/core": "1.16.3"
      }
    },
    "@aws-cdk/aws-applicationautoscaling": {
      "version": "1.16.3",
      "resolved": "https://registry.npmjs.org/@aws-cdk/aws-applicationautoscaling/-/aws-applicationautoscaling-1.16.3.tgz",
      "integrity": "sha512-NdFRIQBNwo7hKZFww/Lfn9wGrqPvzjCzDg5I7PgKrzrjbTq6bikEzd/cAbC1WO/QjpaAmsKC9BQU5Bxwp9w2Xw==",
      "requires": {
        "@aws-cdk/aws-autoscaling-common": "1.16.3",
        "@aws-cdk/aws-cloudwatch": "1.16.3",
        "@aws-cdk/aws-iam": "1.16.3",
        "@aws-cdk/core": "1.16.3"
      }
    },
    "@aws-cdk/aws-autoscaling": {
      "version": "1.16.3",
      "resolved": "https://registry.npmjs.org/@aws-cdk/aws-autoscaling/-/aws-autoscaling-1.16.3.tgz",
      "integrity": "sha512-KsJ6KJ15779rBKSNMYTn3qnS1Sru2clMzCkHezq40PxHVHqIaPuEeCKgTkc08GAdCa+yFHCy40iudy7/dG6UxA==",
      "requires": {
        "@aws-cdk/aws-autoscaling-common": "1.16.3",
        "@aws-cdk/aws-cloudwatch": "1.16.3",
        "@aws-cdk/aws-ec2": "1.16.3",
        "@aws-cdk/aws-elasticloadbalancing": "1.16.3",
        "@aws-cdk/aws-elasticloadbalancingv2": "1.16.3",
        "@aws-cdk/aws-iam": "1.16.3",
        "@aws-cdk/aws-sns": "1.16.3",
        "@aws-cdk/core": "1.16.3"
      }
    },
    "@aws-cdk/aws-autoscaling-common": {
      "version": "1.16.3",
      "resolved": "https://registry.npmjs.org/@aws-cdk/aws-autoscaling-common/-/aws-autoscaling-common-1.16.3.tgz",
      "integrity": "sha512-EruSNxRlEtyCij8q3Hzy2EAAqDw4aGwB1ewccYBMgBzO91Swh6n4AZxjw2ymdcvOcjuvnYuv/XP2j9pDchlxww==",
      "requires": {
        "@aws-cdk/aws-iam": "1.16.3",
        "@aws-cdk/core": "1.16.3"
      }
    },
    "@aws-cdk/aws-autoscaling-hooktargets": {
      "version": "1.16.3",
      "resolved": "https://registry.npmjs.org/@aws-cdk/aws-autoscaling-hooktargets/-/aws-autoscaling-hooktargets-1.16.3.tgz",
      "integrity": "sha512-fYGPxqlqKcMCMCIu/rRtW027A+qOfQTd92pKsk0IiRsVn4Om7cVnWSUqJ3WlFDM6/hGdS9Sw+YPnbFmhR/xU9w==",
      "requires": {
        "@aws-cdk/aws-autoscaling": "1.16.3",
        "@aws-cdk/aws-iam": "1.16.3",
        "@aws-cdk/aws-lambda": "1.16.3",
        "@aws-cdk/aws-sns": "1.16.3",
        "@aws-cdk/aws-sns-subscriptions": "1.16.3",
        "@aws-cdk/aws-sqs": "1.16.3",
        "@aws-cdk/core": "1.16.3"
      }
    },
    "@aws-cdk/aws-certificatemanager": {
      "version": "1.16.3",
      "resolved": "https://registry.npmjs.org/@aws-cdk/aws-certificatemanager/-/aws-certificatemanager-1.16.3.tgz",
      "integrity": "sha512-X0lcLG5HZ64OJ0TQZTp+yJkxXc+Dd5OCZOKQ776cbLdlhfY7RZRQHvQOTLl1yTx6rs0aAsnf8vg9J10rPKvOWA==",
      "requires": {
        "@aws-cdk/aws-cloudformation": "1.16.3",
        "@aws-cdk/aws-iam": "1.16.3",
        "@aws-cdk/aws-lambda": "1.16.3",
        "@aws-cdk/aws-route53": "1.16.3",
        "@aws-cdk/core": "1.16.3"
      }
    },
    "@aws-cdk/aws-cloudformation": {
      "version": "1.16.3",
      "resolved": "https://registry.npmjs.org/@aws-cdk/aws-cloudformation/-/aws-cloudformation-1.16.3.tgz",
      "integrity": "sha512-dj5JEsoraemeM+J3E/qGQKgYTm6YmlhX5uG4Lvcl2Pd9fis9WcnqQc+Iu5j4egTZ3kVkgd6DindvxM1rffrZWg==",
      "requires": {
        "@aws-cdk/aws-iam": "1.16.3",
        "@aws-cdk/aws-lambda": "1.16.3",
        "@aws-cdk/aws-s3": "1.16.3",
        "@aws-cdk/aws-sns": "1.16.3",
        "@aws-cdk/core": "1.16.3",
        "@aws-cdk/cx-api": "1.16.3"
      }
    },
    "@aws-cdk/aws-cloudfront": {
      "version": "1.16.3",
      "resolved": "https://registry.npmjs.org/@aws-cdk/aws-cloudfront/-/aws-cloudfront-1.16.3.tgz",
      "integrity": "sha512-989E5ZpA9vl2pBxviCSbM/tfTym1tVhx1hgr/LM2fb5NgzhNjGJ7AKXH64pV8TjRqtE2e+Z97TofastrEDeyqQ==",
      "requires": {
        "@aws-cdk/aws-certificatemanager": "1.16.3",
        "@aws-cdk/aws-iam": "1.16.3",
        "@aws-cdk/aws-kms": "1.16.3",
        "@aws-cdk/aws-lambda": "1.16.3",
        "@aws-cdk/aws-s3": "1.16.3",
        "@aws-cdk/core": "1.16.3"
      }
    },
    "@aws-cdk/aws-cloudwatch": {
      "version": "1.16.3",
      "resolved": "https://registry.npmjs.org/@aws-cdk/aws-cloudwatch/-/aws-cloudwatch-1.16.3.tgz",
      "integrity": "sha512-9j4yfODa9YZwQ8huUvt8enrm+eY0Ss5h4qMG7dcuRZaWPHtCv6FpBtX+p5Fv8cPxjGXlITLDQ6Wdgnpi4BLPOg==",
      "requires": {
        "@aws-cdk/aws-iam": "1.16.3",
        "@aws-cdk/core": "1.16.3"
      }
    },
    "@aws-cdk/aws-ec2": {
      "version": "1.16.3",
      "resolved": "https://registry.npmjs.org/@aws-cdk/aws-ec2/-/aws-ec2-1.16.3.tgz",
      "integrity": "sha512-jvR5JQvl4jNvCFfqbfAoRsKSOatc1PKhs05TXkl+MZ87cHdd4FvEqw+wp4OaiA9dHPPhVKU0ER+jX0cwbKWYwQ==",
      "requires": {
        "@aws-cdk/aws-cloudwatch": "1.16.3",
        "@aws-cdk/aws-iam": "1.16.3",
        "@aws-cdk/aws-ssm": "1.16.3",
        "@aws-cdk/core": "1.16.3",
        "@aws-cdk/cx-api": "1.16.3"
      }
    },
    "@aws-cdk/aws-ecr": {
      "version": "1.16.3",
      "resolved": "https://registry.npmjs.org/@aws-cdk/aws-ecr/-/aws-ecr-1.16.3.tgz",
      "integrity": "sha512-2g1xoit0BGujohGNHC2+vMrVp+0+A2ApBKnGK55Q3a4AyPJmet1BFgaKBCLe2ERfQZMQeV0zjfVHla4lKb/YZg==",
      "requires": {
        "@aws-cdk/aws-events": "1.16.3",
        "@aws-cdk/aws-iam": "1.16.3",
        "@aws-cdk/core": "1.16.3"
      }
    },
    "@aws-cdk/aws-ecr-assets": {
      "version": "1.16.3",
      "resolved": "https://registry.npmjs.org/@aws-cdk/aws-ecr-assets/-/aws-ecr-assets-1.16.3.tgz",
      "integrity": "sha512-kC93yK2hRyGW9H/QkrJ9w9nI/LIB0+dzSk+L++SOQkorhNRK7gC1aMN3hER8GXUwpmFCHoEeVXhdWSKwtHZoiA==",
      "requires": {
        "@aws-cdk/assets": "1.16.3",
        "@aws-cdk/aws-cloudformation": "1.16.3",
        "@aws-cdk/aws-ecr": "1.16.3",
        "@aws-cdk/aws-iam": "1.16.3",
        "@aws-cdk/aws-lambda": "1.16.3",
        "@aws-cdk/aws-s3": "1.16.3",
        "@aws-cdk/core": "1.16.3",
        "@aws-cdk/cx-api": "1.16.3"
      }
    },
    "@aws-cdk/aws-ecs": {
      "version": "1.16.3",
      "resolved": "https://registry.npmjs.org/@aws-cdk/aws-ecs/-/aws-ecs-1.16.3.tgz",
      "integrity": "sha512-FoNbx4x9t1+lXn9QftwHezMY03d4pGu6B8qZl11y3/Pbx+J0wjucKKG/+qiCBsEiOezGiBRB4V0Jeovc1S6MNw==",
      "requires": {
        "@aws-cdk/aws-applicationautoscaling": "1.16.3",
        "@aws-cdk/aws-autoscaling": "1.16.3",
        "@aws-cdk/aws-autoscaling-hooktargets": "1.16.3",
        "@aws-cdk/aws-certificatemanager": "1.16.3",
        "@aws-cdk/aws-cloudformation": "1.16.3",
        "@aws-cdk/aws-cloudwatch": "1.16.3",
        "@aws-cdk/aws-ec2": "1.16.3",
        "@aws-cdk/aws-ecr": "1.16.3",
        "@aws-cdk/aws-ecr-assets": "1.16.3",
        "@aws-cdk/aws-elasticloadbalancing": "1.16.3",
        "@aws-cdk/aws-elasticloadbalancingv2": "1.16.3",
        "@aws-cdk/aws-iam": "1.16.3",
        "@aws-cdk/aws-lambda": "1.16.3",
        "@aws-cdk/aws-logs": "1.16.3",
        "@aws-cdk/aws-route53": "1.16.3",
        "@aws-cdk/aws-route53-targets": "1.16.3",
        "@aws-cdk/aws-secretsmanager": "1.16.3",
        "@aws-cdk/aws-servicediscovery": "1.16.3",
        "@aws-cdk/aws-sns": "1.16.3",
        "@aws-cdk/aws-sqs": "1.16.3",
        "@aws-cdk/aws-ssm": "1.16.3",
        "@aws-cdk/core": "1.16.3",
        "@aws-cdk/cx-api": "1.16.3"
      }
    },
    "@aws-cdk/aws-elasticloadbalancing": {
      "version": "1.16.3",
      "resolved": "https://registry.npmjs.org/@aws-cdk/aws-elasticloadbalancing/-/aws-elasticloadbalancing-1.16.3.tgz",
      "integrity": "sha512-1Ztm3dNgWAiG4Lveb9XRWlc4RrdX7QEvVTCx8zw9W+hCD5AP1S6SwpEK7AS9cwq6eWwF8kqI6V+MrymNUtYvUw==",
      "requires": {
        "@aws-cdk/aws-ec2": "1.16.3",
        "@aws-cdk/core": "1.16.3"
      }
    },
    "@aws-cdk/aws-elasticloadbalancingv2": {
      "version": "1.16.3",
      "resolved": "https://registry.npmjs.org/@aws-cdk/aws-elasticloadbalancingv2/-/aws-elasticloadbalancingv2-1.16.3.tgz",
      "integrity": "sha512-W8ZJE1PRLx7kjx8FH7A76WkRuZY4vKhUnbOqlLR8gQ4E3Ydh39GJRuXCHYxUgrbGz6bSwI8GMh05bOCkLmwxvw==",
      "requires": {
        "@aws-cdk/aws-certificatemanager": "1.16.3",
        "@aws-cdk/aws-cloudwatch": "1.16.3",
        "@aws-cdk/aws-ec2": "1.16.3",
        "@aws-cdk/aws-iam": "1.16.3",
        "@aws-cdk/aws-lambda": "1.16.3",
        "@aws-cdk/aws-s3": "1.16.3",
        "@aws-cdk/core": "1.16.3"
      }
    },
    "@aws-cdk/aws-events": {
      "version": "1.16.3",
      "resolved": "https://registry.npmjs.org/@aws-cdk/aws-events/-/aws-events-1.16.3.tgz",
      "integrity": "sha512-JgNpKYuA+auGWl/DxDBBcwVJ/daaWqcHwuXyJyxw+eL/HcHGXAeJEY0JmFRWZ/ARu1VFcdHuzoSfxi/yc/ks8g==",
      "requires": {
        "@aws-cdk/aws-iam": "1.16.3",
        "@aws-cdk/core": "1.16.3"
      }
    },
    "@aws-cdk/aws-iam": {
      "version": "1.16.3",
      "resolved": "https://registry.npmjs.org/@aws-cdk/aws-iam/-/aws-iam-1.16.3.tgz",
      "integrity": "sha512-xf9SK9KSy+vv8vU2dvZtTZhVpW5ongKmB7sXoSRJi+GdSkALxKeJowDkf/QIv8ZFottNv2gvhfH2jajUuShpDw==",
      "requires": {
        "@aws-cdk/core": "1.16.3",
        "@aws-cdk/region-info": "1.16.3"
      }
    },
    "@aws-cdk/aws-kms": {
      "version": "1.16.3",
      "resolved": "https://registry.npmjs.org/@aws-cdk/aws-kms/-/aws-kms-1.16.3.tgz",
      "integrity": "sha512-GgEmftCImnXq+TZ9QDjXXh2fC93CkWZe/aXNIoQ49wWThs68hjhhIH8drgH3Jkuo87pMjuZrt827OCdZJtTZ4Q==",
      "requires": {
        "@aws-cdk/aws-iam": "1.16.3",
        "@aws-cdk/core": "1.16.3"
      }
    },
    "@aws-cdk/aws-lambda": {
      "version": "1.16.3",
      "resolved": "https://registry.npmjs.org/@aws-cdk/aws-lambda/-/aws-lambda-1.16.3.tgz",
      "integrity": "sha512-HhiKIeAlhA2uAjWfqr6xixAx+UVVwIE8HCKiBKCDVmX1b4lqFZaL+nEMA6VUgI6V5vpR1jp2oaLURmnZH+3C2w==",
      "requires": {
        "@aws-cdk/aws-cloudwatch": "1.16.3",
        "@aws-cdk/aws-ec2": "1.16.3",
        "@aws-cdk/aws-events": "1.16.3",
        "@aws-cdk/aws-iam": "1.16.3",
        "@aws-cdk/aws-logs": "1.16.3",
        "@aws-cdk/aws-s3": "1.16.3",
        "@aws-cdk/aws-s3-assets": "1.16.3",
        "@aws-cdk/aws-sqs": "1.16.3",
        "@aws-cdk/core": "1.16.3",
        "@aws-cdk/cx-api": "1.16.3"
      }
    },
    "@aws-cdk/aws-logs": {
      "version": "1.16.3",
      "resolved": "https://registry.npmjs.org/@aws-cdk/aws-logs/-/aws-logs-1.16.3.tgz",
      "integrity": "sha512-ttXJeTV72o7GEcmdUU2MPWFRRLX7tvOKO2TNtuPKC98s65IyyIxI2t31EuWjcxsZ+3iKyFDjH5Fys8rK0q4YSA==",
      "requires": {
        "@aws-cdk/aws-cloudwatch": "1.16.3",
        "@aws-cdk/aws-iam": "1.16.3",
        "@aws-cdk/core": "1.16.3"
      }
    },
    "@aws-cdk/aws-route53": {
      "version": "1.16.3",
      "resolved": "https://registry.npmjs.org/@aws-cdk/aws-route53/-/aws-route53-1.16.3.tgz",
      "integrity": "sha512-ktvG14XfopOd7RrxcmfrPst9o7IS/ipnXUlysGrs55KcZTIkS96JaMeBdidLU3Jkp27OddnfRX4s/TX+I3tOtQ==",
      "requires": {
        "@aws-cdk/aws-ec2": "1.16.3",
        "@aws-cdk/aws-logs": "1.16.3",
        "@aws-cdk/core": "1.16.3",
        "@aws-cdk/cx-api": "1.16.3"
      }
    },
    "@aws-cdk/aws-route53-targets": {
      "version": "1.16.3",
      "resolved": "https://registry.npmjs.org/@aws-cdk/aws-route53-targets/-/aws-route53-targets-1.16.3.tgz",
      "integrity": "sha512-4NHyAynwO1gEeaOVqm6JboM72KCRNpRMzRasIF4bs3xOudBv22Hi/LyBVsTWVhx3qivbxNWvqXJi8BTD8Y/voA==",
      "requires": {
        "@aws-cdk/aws-apigateway": "1.16.3",
        "@aws-cdk/aws-cloudfront": "1.16.3",
        "@aws-cdk/aws-elasticloadbalancing": "1.16.3",
        "@aws-cdk/aws-elasticloadbalancingv2": "1.16.3",
        "@aws-cdk/aws-iam": "1.16.3",
        "@aws-cdk/aws-route53": "1.16.3",
        "@aws-cdk/aws-s3": "1.16.3",
        "@aws-cdk/core": "1.16.3",
        "@aws-cdk/region-info": "1.16.3"
      }
    },
    "@aws-cdk/aws-s3": {
      "version": "1.16.3",
      "resolved": "https://registry.npmjs.org/@aws-cdk/aws-s3/-/aws-s3-1.16.3.tgz",
      "integrity": "sha512-6CUU8YsQirCKENJxRib0pC4D951QV+09yApl7MMpbxMY3e9jDH9NhZcecIlhSRHMpeQpPeTEHUnrA1EDMUXW/Q==",
      "requires": {
        "@aws-cdk/aws-events": "1.16.3",
        "@aws-cdk/aws-iam": "1.16.3",
        "@aws-cdk/aws-kms": "1.16.3",
        "@aws-cdk/core": "1.16.3"
      }
    },
    "@aws-cdk/aws-s3-assets": {
      "version": "1.16.3",
      "resolved": "https://registry.npmjs.org/@aws-cdk/aws-s3-assets/-/aws-s3-assets-1.16.3.tgz",
      "integrity": "sha512-dFfC9YpWu6yplY6MupT3MrRM+oIyV2mm0+c5LahnZtAvq/aeAz2s9ZVoGSjtn4m68Mw63TZPqad33+JEt3rtsA==",
      "requires": {
        "@aws-cdk/assets": "1.16.3",
        "@aws-cdk/aws-iam": "1.16.3",
        "@aws-cdk/aws-s3": "1.16.3",
        "@aws-cdk/core": "1.16.3",
        "@aws-cdk/cx-api": "1.16.3"
      }
    },
    "@aws-cdk/aws-secretsmanager": {
      "version": "1.16.3",
      "resolved": "https://registry.npmjs.org/@aws-cdk/aws-secretsmanager/-/aws-secretsmanager-1.16.3.tgz",
      "integrity": "sha512-AaDX2+NraYjDmjdWkPh1D8KsaG2Ik9xTroQQgFjKowYFqAHEQZDwvIFKXYYab3xpi36JUvkRYaSNIhd0GQcY+A==",
      "requires": {
        "@aws-cdk/aws-ec2": "1.16.3",
        "@aws-cdk/aws-iam": "1.16.3",
        "@aws-cdk/aws-kms": "1.16.3",
        "@aws-cdk/aws-lambda": "1.16.3",
        "@aws-cdk/core": "1.16.3"
      }
    },
    "@aws-cdk/aws-servicediscovery": {
      "version": "1.16.3",
      "resolved": "https://registry.npmjs.org/@aws-cdk/aws-servicediscovery/-/aws-servicediscovery-1.16.3.tgz",
      "integrity": "sha512-xSwgn9ngT00kzup0lKxXBjmqMn+mar+p/Zn90QRKpMtXmurLTWK2ZdLnz3IA0LwzNCYTm2U6zDdjBrT55wDnYg==",
      "requires": {
        "@aws-cdk/aws-ec2": "1.16.3",
        "@aws-cdk/aws-elasticloadbalancingv2": "1.16.3",
        "@aws-cdk/aws-route53": "1.16.3",
        "@aws-cdk/core": "1.16.3"
      }
    },
    "@aws-cdk/aws-sns": {
      "version": "1.16.3",
      "resolved": "https://registry.npmjs.org/@aws-cdk/aws-sns/-/aws-sns-1.16.3.tgz",
      "integrity": "sha512-GcC7fxAbBhr/oQMXgZv+2s1yIVBZCHn9t0aWAlvrWxIgO1QQip286R1PSCP6DrIbc2YwhIx/4C4DEYe4gC8vlQ==",
      "requires": {
        "@aws-cdk/aws-cloudwatch": "1.16.3",
        "@aws-cdk/aws-events": "1.16.3",
        "@aws-cdk/aws-iam": "1.16.3",
        "@aws-cdk/core": "1.16.3"
      }
    },
    "@aws-cdk/aws-sns-subscriptions": {
      "version": "1.16.3",
      "resolved": "https://registry.npmjs.org/@aws-cdk/aws-sns-subscriptions/-/aws-sns-subscriptions-1.16.3.tgz",
      "integrity": "sha512-A1ecj+GgXD/IioJomuBWZfvjUSr2/TtsmsNymycWi8PVWCloWrhl9/FumYSaKetFHqzKQssdHlnOBYKs03lcPQ==",
      "requires": {
        "@aws-cdk/aws-iam": "1.16.3",
        "@aws-cdk/aws-lambda": "1.16.3",
        "@aws-cdk/aws-sns": "1.16.3",
        "@aws-cdk/aws-sqs": "1.16.3",
        "@aws-cdk/core": "1.16.3"
      }
    },
    "@aws-cdk/aws-sqs": {
      "version": "1.16.3",
      "resolved": "https://registry.npmjs.org/@aws-cdk/aws-sqs/-/aws-sqs-1.16.3.tgz",
      "integrity": "sha512-Zrii6ypst/JTOmoOVn3OoCzw3WkWsH+NOgy1DOXIhB61wxFhbQla1Q/reUiPaxdIikxco3+zanceqlSTcwXWQw==",
      "requires": {
        "@aws-cdk/aws-cloudwatch": "1.16.3",
        "@aws-cdk/aws-iam": "1.16.3",
        "@aws-cdk/aws-kms": "1.16.3",
        "@aws-cdk/core": "1.16.3"
      }
    },
    "@aws-cdk/aws-ssm": {
      "version": "1.16.3",
      "resolved": "https://registry.npmjs.org/@aws-cdk/aws-ssm/-/aws-ssm-1.16.3.tgz",
      "integrity": "sha512-IKqUQrl5WwtDrLqw3Pz2JNOgFDfQLXuHK92d4q5xPqjIKIMes79/PTkJSd2YWtSVGGWW/q14kOuu73AiRsljEA==",
      "requires": {
        "@aws-cdk/aws-iam": "1.16.3",
        "@aws-cdk/aws-kms": "1.16.3",
        "@aws-cdk/core": "1.16.3",
        "@aws-cdk/cx-api": "1.16.3"
      }
    },
    "@aws-cdk/aws-stepfunctions": {
      "version": "1.16.3",
      "resolved": "https://registry.npmjs.org/@aws-cdk/aws-stepfunctions/-/aws-stepfunctions-1.16.3.tgz",
      "integrity": "sha512-ny4RS1Kb4kXSrBHqkC+txFpN1eknQGkBa9ISPKRavf79NVHBPL+R5BdusyOxgoNz+oDj10kGZM0RF/FfNtV/lw==",
      "requires": {
        "@aws-cdk/aws-cloudwatch": "1.16.3",
        "@aws-cdk/aws-events": "1.16.3",
        "@aws-cdk/aws-iam": "1.16.3",
        "@aws-cdk/core": "1.16.3"
      }
    },
    "@aws-cdk/aws-stepfunctions-tasks": {
      "version": "1.16.3",
      "resolved": "https://registry.npmjs.org/@aws-cdk/aws-stepfunctions-tasks/-/aws-stepfunctions-tasks-1.16.3.tgz",
      "integrity": "sha512-WZxZhwrpX9xGOt+Zr2JhYPRnP7R9utngGHbRe21PzmHBqMVhs3WijmA65ZZAkx7tgL3JTXK2f0gMq2A8TUZbNg==",
      "requires": {
        "@aws-cdk/assets": "1.16.3",
        "@aws-cdk/aws-cloudwatch": "1.16.3",
        "@aws-cdk/aws-ec2": "1.16.3",
        "@aws-cdk/aws-ecr": "1.16.3",
        "@aws-cdk/aws-ecr-assets": "1.16.3",
        "@aws-cdk/aws-ecs": "1.16.3",
        "@aws-cdk/aws-iam": "1.16.3",
        "@aws-cdk/aws-kms": "1.16.3",
        "@aws-cdk/aws-lambda": "1.16.3",
        "@aws-cdk/aws-s3": "1.16.3",
        "@aws-cdk/aws-sns": "1.16.3",
        "@aws-cdk/aws-sqs": "1.16.3",
        "@aws-cdk/aws-stepfunctions": "1.16.3",
        "@aws-cdk/core": "1.16.3"
      }
    },
    "@aws-cdk/core": {
      "version": "1.16.3",
      "resolved": "https://registry.npmjs.org/@aws-cdk/core/-/core-1.16.3.tgz",
      "integrity": "sha512-S1OfvtDVhg1iijH4elzy+cjcvdDitVgwyydnSBxueai1ryuHv5Nhrmg9e8t9KsF552Fa01gzuQ/z2wuVzRSYpw==",
      "requires": {
        "@aws-cdk/cx-api": "1.16.3"
      }
    },
    "@aws-cdk/cx-api": {
      "version": "1.16.3",
      "resolved": "https://registry.npmjs.org/@aws-cdk/cx-api/-/cx-api-1.16.3.tgz",
      "integrity": "sha512-NFp8/qHTxM5EXl/NQf7yqbdSI2lAfR1DApzuk+p63wDhX0N8Q+8Ez1K0SNTehZmve+ABbJxo+AALWKDPPCk/Pg==",
      "requires": {
        "semver": "^6.3.0"
      },
      "dependencies": {
        "semver": {
          "version": "6.3.0",
          "bundled": true
        }
      }
    },
    "@aws-cdk/region-info": {
      "version": "1.16.3",
      "resolved": "https://registry.npmjs.org/@aws-cdk/region-info/-/region-info-1.16.3.tgz",
      "integrity": "sha512-FGOeJ0Pp492RGy91iLXRU4oTyvoi8RBVlANjUrwdNzttoJHrx/IdoagwFiWBd1eWHyyh6FCgqDTqKEWxCTXb9Q=="
    }
  }
}
