{
  "requires": true,
  "lockfileVersion": 1,
  "dependencies": {
    "@aws-cdk/aws-iam": {
      "version": "1.8.0",
      "resolved": "https://registry.npmjs.org/@aws-cdk/aws-iam/-/aws-iam-1.8.0.tgz",
      "integrity": "sha512-GoJsXR1gONfJIYan4lp2QsKsA4jDR2P0TSN8ENg9ntli6+F/XWwiJDrHmYOQzLD2hk8p+ObKfz6uJKYsN/5Rpg==",
      "requires": {
        "@aws-cdk/core": "^1.8.0",
        "@aws-cdk/region-info": "^1.8.0"
      }
    },
    "@aws-cdk/core": {
      "version": "1.8.0",
      "resolved": "https://registry.npmjs.org/@aws-cdk/core/-/core-1.8.0.tgz",
      "integrity": "sha512-WuGxzCsX+KOZxYl0EFuPiNqc6hyJCRG/H20V1kHzGHr5+BYbDavemwf6gkpSK0+hv1r4T9PrTJABwlmnSNcFhA==",
      "requires": {
        "@aws-cdk/cx-api": "^1.8.0"
      }
    },
    "@aws-cdk/cx-api": {
      "version": "1.8.0",
      "resolved": "https://registry.npmjs.org/@aws-cdk/cx-api/-/cx-api-1.8.0.tgz",
      "integrity": "sha512-mPwzAryv4m/jdlb2JnaYyM7UmlGL7IJ/OzPkOYvT6f8wHc1hUlgycN7v7N6Am1EegdJ2n1FddMnCGnyYK3ajhw==",
      "requires": {
        "semver": "^6.3.0"
      },
      "dependencies": {
        "semver": {
          "version": "6.3.0",
          "bundled": true
        }
      }
    },
    "@aws-cdk/region-info": {
      "version": "1.8.0",
      "resolved": "https://registry.npmjs.org/@aws-cdk/region-info/-/region-info-1.8.0.tgz",
      "integrity": "sha512-MfaVoYasRwi0MKqb66Ea4WQQlFzdpcylkQKPMMyOKGJJSPIdV3E323vfOhBINKyj1iF6G0V9oa4ZjlSM1LjsbQ=="
    }
  }
}
